// !$*UTF8*$!
{
	archiveVersion = 1;
	classes = {
	};
	objectVersion = 48;
	objects = {

/* Begin PBXBuildFile section */
		D6242CFD1FB3BFC900A8FD58 /* AppDelegate.swift in Sources */ = {isa = PBXBuildFile; fileRef = D6242CFC1FB3BFC900A8FD58 /* AppDelegate.swift */; };
		D6242CFF1FB3BFC900A8FD58 /* ViewController.swift in Sources */ = {isa = PBXBuildFile; fileRef = D6242CFE1FB3BFC900A8FD58 /* ViewController.swift */; };
		D6242D021FB3BFC900A8FD58 /* Main.storyboard in Resources */ = {isa = PBXBuildFile; fileRef = D6242D001FB3BFC900A8FD58 /* Main.storyboard */; };
		D6242D041FB3BFC900A8FD58 /* Assets.xcassets in Resources */ = {isa = PBXBuildFile; fileRef = D6242D031FB3BFC900A8FD58 /* Assets.xcassets */; };
		D6242D071FB3BFC900A8FD58 /* LaunchScreen.storyboard in Resources */ = {isa = PBXBuildFile; fileRef = D6242D051FB3BFC900A8FD58 /* LaunchScreen.storyboard */; };
		D68365351FB5638F00077A48 /* sisters.jpg in Resources */ = {isa = PBXBuildFile; fileRef = D68365341FB5638F00077A48 /* sisters.jpg */; };
		D683653D1FB64E5300077A48 /* UserNotifications.framework in Frameworks */ = {isa = PBXBuildFile; fileRef = D683653C1FB64E5300077A48 /* UserNotifications.framework */; };
		D683653F1FB64E5300077A48 /* UserNotificationsUI.framework in Frameworks */ = {isa = PBXBuildFile; fileRef = D683653E1FB64E5300077A48 /* UserNotificationsUI.framework */; };
		D68365421FB64E5300077A48 /* NotificationViewController.swift in Sources */ = {isa = PBXBuildFile; fileRef = D68365411FB64E5300077A48 /* NotificationViewController.swift */; };
		D68365451FB64E5300077A48 /* MainInterface.storyboard in Resources */ = {isa = PBXBuildFile; fileRef = D68365431FB64E5300077A48 /* MainInterface.storyboard */; };
		D68365491FB64E5300077A48 /* MyContentExtension.appex in Embed App Extensions */ = {isa = PBXBuildFile; fileRef = D683653A1FB64E5300077A48 /* MyContentExtension.appex */; settings = {ATTRIBUTES = (RemoveHeadersOnCopy, ); }; };
/* End PBXBuildFile section */

/* Begin PBXContainerItemProxy section */
		D68365471FB64E5300077A48 /* PBXContainerItemProxy */ = {
			isa = PBXContainerItemProxy;
			containerPortal = D6242CF11FB3BFC900A8FD58 /* Project object */;
			proxyType = 1;
			remoteGlobalIDString = D68365391FB64E5300077A48;
			remoteInfo = MyContentExtension;
		};
/* End PBXContainerItemProxy section */

/* Begin PBXCopyFilesBuildPhase section */
		D683654D1FB64E5300077A48 /* Embed App Extensions */ = {
			isa = PBXCopyFilesBuildPhase;
			buildActionMask = 2147483647;
			dstPath = "";
			dstSubfolderSpec = 13;
			files = (
				D68365491FB64E5300077A48 /* MyContentExtension.appex in Embed App Extensions */,
			);
			name = "Embed App Extensions";
			runOnlyForDeploymentPostprocessing = 0;
		};
/* End PBXCopyFilesBuildPhase section */

/* Begin PBXFileReference section */
		D6242CF91FB3BFC900A8FD58 /* Notifications.app */ = {isa = PBXFileReference; explicitFileType = wrapper.application; includeInIndex = 0; path = Notifications.app; sourceTree = BUILT_PRODUCTS_DIR; };
		D6242CFC1FB3BFC900A8FD58 /* AppDelegate.swift */ = {isa = PBXFileReference; lastKnownFileType = sourcecode.swift; path = AppDelegate.swift; sourceTree = "<group>"; };
		D6242CFE1FB3BFC900A8FD58 /* ViewController.swift */ = {isa = PBXFileReference; lastKnownFileType = sourcecode.swift; path = ViewController.swift; sourceTree = "<group>"; };
		D6242D011FB3BFC900A8FD58 /* Base */ = {isa = PBXFileReference; lastKnownFileType = file.storyboard; name = Base; path = Base.lproj/Main.storyboard; sourceTree = "<group>"; };
		D6242D031FB3BFC900A8FD58 /* Assets.xcassets */ = {isa = PBXFileReference; lastKnownFileType = folder.assetcatalog; path = Assets.xcassets; sourceTree = "<group>"; };
		D6242D061FB3BFC900A8FD58 /* Base */ = {isa = PBXFileReference; lastKnownFileType = file.storyboard; name = Base; path = Base.lproj/LaunchScreen.storyboard; sourceTree = "<group>"; };
		D6242D081FB3BFC900A8FD58 /* Info.plist */ = {isa = PBXFileReference; lastKnownFileType = text.plist.xml; path = Info.plist; sourceTree = "<group>"; };
		D68365341FB5638F00077A48 /* sisters.jpg */ = {isa = PBXFileReference; lastKnownFileType = image.jpeg; path = sisters.jpg; sourceTree = "<group>"; };
		D683653A1FB64E5300077A48 /* MyContentExtension.appex */ = {isa = PBXFileReference; explicitFileType = "wrapper.app-extension"; includeInIndex = 0; path = MyContentExtension.appex; sourceTree = BUILT_PRODUCTS_DIR; };
		D683653C1FB64E5300077A48 /* UserNotifications.framework */ = {isa = PBXFileReference; lastKnownFileType = wrapper.framework; name = UserNotifications.framework; path = System/Library/Frameworks/UserNotifications.framework; sourceTree = SDKROOT; };
		D683653E1FB64E5300077A48 /* UserNotificationsUI.framework */ = {isa = PBXFileReference; lastKnownFileType = wrapper.framework; name = UserNotificationsUI.framework; path = System/Library/Frameworks/UserNotificationsUI.framework; sourceTree = SDKROOT; };
		D68365411FB64E5300077A48 /* NotificationViewController.swift */ = {isa = PBXFileReference; lastKnownFileType = sourcecode.swift; path = NotificationViewController.swift; sourceTree = "<group>"; };
		D68365441FB64E5300077A48 /* Base */ = {isa = PBXFileReference; lastKnownFileType = file.storyboard; name = Base; path = Base.lproj/MainInterface.storyboard; sourceTree = "<group>"; };
		D68365461FB64E5300077A48 /* Info.plist */ = {isa = PBXFileReference; lastKnownFileType = text.plist.xml; path = Info.plist; sourceTree = "<group>"; };
/* End PBXFileReference section */

/* Begin PBXFrameworksBuildPhase section */
		D6242CF61FB3BFC900A8FD58 /* Frameworks */ = {
			isa = PBXFrameworksBuildPhase;
			buildActionMask = 2147483647;
			files = (
			);
			runOnlyForDeploymentPostprocessing = 0;
		};
		D68365371FB64E5300077A48 /* Frameworks */ = {
			isa = PBXFrameworksBuildPhase;
			buildActionMask = 2147483647;
			files = (
				D683653F1FB64E5300077A48 /* UserNotificationsUI.framework in Frameworks */,
				D683653D1FB64E5300077A48 /* UserNotifications.framework in Frameworks */,
			);
			runOnlyForDeploymentPostprocessing = 0;
		};
/* End PBXFrameworksBuildPhase section */

/* Begin PBXGroup section */
		D6242CF01FB3BFC900A8FD58 = {
			isa = PBXGroup;
			children = (
				D6242CFB1FB3BFC900A8FD58 /* Notifications */,
				D68365401FB64E5300077A48 /* MyContentExtension */,
				D683653B1FB64E5300077A48 /* Frameworks */,
				D6242CFA1FB3BFC900A8FD58 /* Products */,
			);
			sourceTree = "<group>";
		};
		D6242CFA1FB3BFC900A8FD58 /* Products */ = {
			isa = PBXGroup;
			children = (
				D6242CF91FB3BFC900A8FD58 /* Notifications.app */,
				D683653A1FB64E5300077A48 /* MyContentExtension.appex */,
			);
			name = Products;
			sourceTree = "<group>";
		};
		D6242CFB1FB3BFC900A8FD58 /* Notifications */ = {
			isa = PBXGroup;
			children = (
				D68365341FB5638F00077A48 /* sisters.jpg */,
				D6242CFC1FB3BFC900A8FD58 /* AppDelegate.swift */,
				D6242CFE1FB3BFC900A8FD58 /* ViewController.swift */,
				D6242D001FB3BFC900A8FD58 /* Main.storyboard */,
				D6242D031FB3BFC900A8FD58 /* Assets.xcassets */,
				D6242D051FB3BFC900A8FD58 /* LaunchScreen.storyboard */,
				D6242D081FB3BFC900A8FD58 /* Info.plist */,
			);
			path = Notifications;
			sourceTree = "<group>";
		};
		D683653B1FB64E5300077A48 /* Frameworks */ = {
			isa = PBXGroup;
			children = (
				D683653C1FB64E5300077A48 /* UserNotifications.framework */,
				D683653E1FB64E5300077A48 /* UserNotificationsUI.framework */,
			);
			name = Frameworks;
			sourceTree = "<group>";
		};
		D68365401FB64E5300077A48 /* MyContentExtension */ = {
			isa = PBXGroup;
			children = (
				D68365411FB64E5300077A48 /* NotificationViewController.swift */,
				D68365431FB64E5300077A48 /* MainInterface.storyboard */,
				D68365461FB64E5300077A48 /* Info.plist */,
			);
			path = MyContentExtension;
			sourceTree = "<group>";
		};
/* End PBXGroup section */

/* Begin PBXNativeTarget section */
		D6242CF81FB3BFC900A8FD58 /* Notifications */ = {
			isa = PBXNativeTarget;
			buildConfigurationList = D6242D0B1FB3BFC900A8FD58 /* Build configuration list for PBXNativeTarget "Notifications" */;
			buildPhases = (
				D6242CF51FB3BFC900A8FD58 /* Sources */,
				D6242CF61FB3BFC900A8FD58 /* Frameworks */,
				D6242CF71FB3BFC900A8FD58 /* Resources */,
				D683654D1FB64E5300077A48 /* Embed App Extensions */,
			);
			buildRules = (
			);
			dependencies = (
				D68365481FB64E5300077A48 /* PBXTargetDependency */,
			);
			name = Notifications;
			productName = Notifications;
			productReference = D6242CF91FB3BFC900A8FD58 /* Notifications.app */;
			productType = "com.apple.product-type.application";
		};
		D68365391FB64E5300077A48 /* MyContentExtension */ = {
			isa = PBXNativeTarget;
			buildConfigurationList = D683654A1FB64E5300077A48 /* Build configuration list for PBXNativeTarget "MyContentExtension" */;
			buildPhases = (
				D68365361FB64E5300077A48 /* Sources */,
				D68365371FB64E5300077A48 /* Frameworks */,
				D68365381FB64E5300077A48 /* Resources */,
			);
			buildRules = (
			);
			dependencies = (
			);
			name = MyContentExtension;
			productName = MyContentExtension;
			productReference = D683653A1FB64E5300077A48 /* MyContentExtension.appex */;
			productType = "com.apple.product-type.app-extension";
		};
/* End PBXNativeTarget section */

/* Begin PBXProject section */
		D6242CF11FB3BFC900A8FD58 /* Project object */ = {
			isa = PBXProject;
			attributes = {
				LastSwiftUpdateCheck = 0910;
				LastUpgradeCheck = 0910;
				ORGANIZATIONNAME = "Sabrina Fletcher";
				TargetAttributes = {
					D6242CF81FB3BFC900A8FD58 = {
						CreatedOnToolsVersion = 9.1;
						ProvisioningStyle = Automatic;
					};
					D68365391FB64E5300077A48 = {
						CreatedOnToolsVersion = 9.1;
						ProvisioningStyle = Automatic;
					};
				};
			};
			buildConfigurationList = D6242CF41FB3BFC900A8FD58 /* Build configuration list for PBXProject "Notifications" */;
			compatibilityVersion = "Xcode 8.0";
			developmentRegion = en;
			hasScannedForEncodings = 0;
			knownRegions = (
				en,
				Base,
			);
			mainGroup = D6242CF01FB3BFC900A8FD58;
			productRefGroup = D6242CFA1FB3BFC900A8FD58 /* Products */;
			projectDirPath = "";
			projectRoot = "";
			targets = (
				D6242CF81FB3BFC900A8FD58 /* Notifications */,
				D68365391FB64E5300077A48 /* MyContentExtension */,
			);
		};
/* End PBXProject section */

/* Begin PBXResourcesBuildPhase section */
		D6242CF71FB3BFC900A8FD58 /* Resources */ = {
			isa = PBXResourcesBuildPhase;
			buildActionMask = 2147483647;
			files = (
				D6242D071FB3BFC900A8FD58 /* LaunchScreen.storyboard in Resources */,
				D6242D041FB3BFC900A8FD58 /* Assets.xcassets in Resources */,
				D6242D021FB3BFC900A8FD58 /* Main.storyboard in Resources */,
				D68365351FB5638F00077A48 /* sisters.jpg in Resources */,
			);
			runOnlyForDeploymentPostprocessing = 0;
		};
		D68365381FB64E5300077A48 /* Resources */ = {
			isa = PBXResourcesBuildPhase;
			buildActionMask = 2147483647;
			files = (
				D68365451FB64E5300077A48 /* MainInterface.storyboard in Resources */,
			);
			runOnlyForDeploymentPostprocessing = 0;
		};
/* End PBXResourcesBuildPhase section */

/* Begin PBXSourcesBuildPhase section */
		D6242CF51FB3BFC900A8FD58 /* Sources */ = {
			isa = PBXSourcesBuildPhase;
			buildActionMask = 2147483647;
			files = (
				D6242CFF1FB3BFC900A8FD58 /* ViewController.swift in Sources */,
				D6242CFD1FB3BFC900A8FD58 /* AppDelegate.swift in Sources */,
			);
			runOnlyForDeploymentPostprocessing = 0;
		};
		D68365361FB64E5300077A48 /* Sources */ = {
			isa = PBXSourcesBuildPhase;
			buildActionMask = 2147483647;
			files = (
				D68365421FB64E5300077A48 /* NotificationViewController.swift in Sources */,
			);
			runOnlyForDeploymentPostprocessing = 0;
		};
/* End PBXSourcesBuildPhase section */

/* Begin PBXTargetDependency section */
		D68365481FB64E5300077A48 /* PBXTargetDependency */ = {
			isa = PBXTargetDependency;
			target = D68365391FB64E5300077A48 /* MyContentExtension */;
			targetProxy = D68365471FB64E5300077A48 /* PBXContainerItemProxy */;
		};
/* End PBXTargetDependency section */

/* Begin PBXVariantGroup section */
		D6242D001FB3BFC900A8FD58 /* Main.storyboard */ = {
			isa = PBXVariantGroup;
			children = (
				D6242D011FB3BFC900A8FD58 /* Base */,
			);
			name = Main.storyboard;
			sourceTree = "<group>";
		};
		D6242D051FB3BFC900A8FD58 /* LaunchScreen.storyboard */ = {
			isa = PBXVariantGroup;
			children = (
				D6242D061FB3BFC900A8FD58 /* Base */,
			);
			name = LaunchScreen.storyboard;
			sourceTree = "<group>";
		};
		D68365431FB64E5300077A48 /* MainInterface.storyboard */ = {
			isa = PBXVariantGroup;
			children = (
				D68365441FB64E5300077A48 /* Base */,
			);
			name = MainInterface.storyboard;
			sourceTree = "<group>";
		};
/* End PBXVariantGroup section */

/* Begin XCBuildConfiguration section */
		D6242D091FB3BFC900A8FD58 /* Debug */ = {
			isa = XCBuildConfiguration;
			buildSettings = {
				ALWAYS_SEARCH_USER_PATHS = NO;
				CLANG_ANALYZER_NONNULL = YES;
				CLANG_ANALYZER_NUMBER_OBJECT_CONVERSION = YES_AGGRESSIVE;
				CLANG_CXX_LANGUAGE_STANDARD = "gnu++14";
				CLANG_CXX_LIBRARY = "libc++";
				CLANG_ENABLE_MODULES = YES;
				CLANG_ENABLE_OBJC_ARC = YES;
				CLANG_WARN_BLOCK_CAPTURE_AUTORELEASING = YES;
				CLANG_WARN_BOOL_CONVERSION = YES;
				CLANG_WARN_COMMA = YES;
				CLANG_WARN_CONSTANT_CONVERSION = YES;
				CLANG_WARN_DIRECT_OBJC_ISA_USAGE = YES_ERROR;
				CLANG_WARN_DOCUMENTATION_COMMENTS = YES;
				CLANG_WARN_EMPTY_BODY = YES;
				CLANG_WARN_ENUM_CONVERSION = YES;
				CLANG_WARN_INFINITE_RECURSION = YES;
				CLANG_WARN_INT_CONVERSION = YES;
				CLANG_WARN_NON_LITERAL_NULL_CONVERSION = YES;
				CLANG_WARN_OBJC_LITERAL_CONVERSION = YES;
				CLANG_WARN_OBJC_ROOT_CLASS = YES_ERROR;
				CLANG_WARN_RANGE_LOOP_ANALYSIS = YES;
				CLANG_WARN_STRICT_PROTOTYPES = YES;
				CLANG_WARN_SUSPICIOUS_MOVE = YES;
				CLANG_WARN_UNGUARDED_AVAILABILITY = YES_AGGRESSIVE;
				CLANG_WARN_UNREACHABLE_CODE = YES;
				CLANG_WARN__DUPLICATE_METHOD_MATCH = YES;
				CODE_SIGN_IDENTITY = "iPhone Developer";
				COPY_PHASE_STRIP = NO;
				DEBUG_INFORMATION_FORMAT = dwarf;
				ENABLE_STRICT_OBJC_MSGSEND = YES;
				ENABLE_TESTABILITY = YES;
				GCC_C_LANGUAGE_STANDARD = gnu11;
				GCC_DYNAMIC_NO_PIC = NO;
				GCC_NO_COMMON_BLOCKS = YES;
				GCC_OPTIMIZATION_LEVEL = 0;
				GCC_PREPROCESSOR_DEFINITIONS = (
					"DEBUG=1",
					"$(inherited)",
				);
				GCC_WARN_64_TO_32_BIT_CONVERSION = YES;
				GCC_WARN_ABOUT_RETURN_TYPE = YES_ERROR;
				GCC_WARN_UNDECLARED_SELECTOR = YES;
				GCC_WARN_UNINITIALIZED_AUTOS = YES_AGGRESSIVE;
				GCC_WARN_UNUSED_FUNCTION = YES;
				GCC_WARN_UNUSED_VARIABLE = YES;
				IPHONEOS_DEPLOYMENT_TARGET = 11.1;
				MTL_ENABLE_DEBUG_INFO = YES;
				ONLY_ACTIVE_ARCH = YES;
				SDKROOT = iphoneos;
				SWIFT_ACTIVE_COMPILATION_CONDITIONS = DEBUG;
				SWIFT_OPTIMIZATION_LEVEL = "-Onone";
			};
			name = Debug;
		};
		D6242D0A1FB3BFC900A8FD58 /* Release */ = {
			isa = XCBuildConfiguration;
			buildSettings = {
				ALWAYS_SEARCH_USER_PATHS = NO;
				CLANG_ANALYZER_NONNULL = YES;
				CLANG_ANALYZER_NUMBER_OBJECT_CONVERSION = YES_AGGRESSIVE;
				CLANG_CXX_LANGUAGE_STANDARD = "gnu++14";
				CLANG_CXX_LIBRARY = "libc++";
				CLANG_ENABLE_MODULES = YES;
				CLANG_ENABLE_OBJC_ARC = YES;
				CLANG_WARN_BLOCK_CAPTURE_AUTORELEASING = YES;
				CLANG_WARN_BOOL_CONVERSION = YES;
				CLANG_WARN_COMMA = YES;
				CLANG_WARN_CONSTANT_CONVERSION = YES;
				CLANG_WARN_DIRECT_OBJC_ISA_USAGE = YES_ERROR;
				CLANG_WARN_DOCUMENTATION_COMMENTS = YES;
				CLANG_WARN_EMPTY_BODY = YES;
				CLANG_WARN_ENUM_CONVERSION = YES;
				CLANG_WARN_INFINITE_RECURSION = YES;
				CLANG_WARN_INT_CONVERSION = YES;
				CLANG_WARN_NON_LITERAL_NULL_CONVERSION = YES;
				CLANG_WARN_OBJC_LITERAL_CONVERSION = YES;
				CLANG_WARN_OBJC_ROOT_CLASS = YES_ERROR;
				CLANG_WARN_RANGE_LOOP_ANALYSIS = YES;
				CLANG_WARN_STRICT_PROTOTYPES = YES;
				CLANG_WARN_SUSPICIOUS_MOVE = YES;
				CLANG_WARN_UNGUARDED_AVAILABILITY = YES_AGGRESSIVE;
				CLANG_WARN_UNREACHABLE_CODE = YES;
				CLANG_WARN__DUPLICATE_METHOD_MATCH = YES;
				CODE_SIGN_IDENTITY = "iPhone Developer";
				COPY_PHASE_STRIP = NO;
				DEBUG_INFORMATION_FORMAT = "dwarf-with-dsym";
				ENABLE_NS_ASSERTIONS = NO;
				ENABLE_STRICT_OBJC_MSGSEND = YES;
				GCC_C_LANGUAGE_STANDARD = gnu11;
				GCC_NO_COMMON_BLOCKS = YES;
				GCC_WARN_64_TO_32_BIT_CONVERSION = YES;
				GCC_WARN_ABOUT_RETURN_TYPE = YES_ERROR;
				GCC_WARN_UNDECLARED_SELECTOR = YES;
				GCC_WARN_UNINITIALIZED_AUTOS = YES_AGGRESSIVE;
				GCC_WARN_UNUSED_FUNCTION = YES;
				GCC_WARN_UNUSED_VARIABLE = YES;
				IPHONEOS_DEPLOYMENT_TARGET = 11.1;
				MTL_ENABLE_DEBUG_INFO = NO;
				SDKROOT = iphoneos;
				SWIFT_OPTIMIZATION_LEVEL = "-Owholemodule";
				VALIDATE_PRODUCT = YES;
			};
			name = Release;
		};
		D6242D0C1FB3BFC900A8FD58 /* Debug */ = {
			isa = XCBuildConfiguration;
			buildSettings = {
				ALWAYS_EMBED_SWIFT_STANDARD_LIBRARIES = YES;
				ASSETCATALOG_COMPILER_APPICON_NAME = AppIcon;
				CODE_SIGN_STYLE = Automatic;
				DEVELOPMENT_TEAM = FUWHW8446R;
				INFOPLIST_FILE = Notifications/Info.plist;
				LD_RUNPATH_SEARCH_PATHS = "$(inherited) @executable_path/Frameworks";
				PRODUCT_BUNDLE_IDENTIFIER = SabrinaFletcher.Notifications;
				PRODUCT_NAME = "$(TARGET_NAME)";
				SWIFT_VERSION = 4.0;
				TARGETED_DEVICE_FAMILY = "1,2";
			};
			name = Debug;
		};
		D6242D0D1FB3BFC900A8FD58 /* Release */ = {
			isa = XCBuildConfiguration;
			buildSettings = {
				ALWAYS_EMBED_SWIFT_STANDARD_LIBRARIES = YES;
				ASSETCATALOG_COMPILER_APPICON_NAME = AppIcon;
				CODE_SIGN_STYLE = Automatic;
				DEVELOPMENT_TEAM = FUWHW8446R;
				INFOPLIST_FILE = Notifications/Info.plist;
				LD_RUNPATH_SEARCH_PATHS = "$(inherited) @executable_path/Frameworks";
				PRODUCT_BUNDLE_IDENTIFIER = SabrinaFletcher.Notifications;
				PRODUCT_NAME = "$(TARGET_NAME)";
				SWIFT_VERSION = 4.0;
				TARGETED_DEVICE_FAMILY = "1,2";
			};
			name = Release;
		};
		D683654B1FB64E5300077A48 /* Debug */ = {
			isa = XCBuildConfiguration;
			buildSettings = {
				CODE_SIGN_STYLE = Automatic;
				DEVELOPMENT_TEAM = FUWHW8446R;
				INFOPLIST_FILE = MyContentExtension/Info.plist;
				LD_RUNPATH_SEARCH_PATHS = "$(inherited) @executable_path/Frameworks @executable_path/../../Frameworks";
				PRODUCT_BUNDLE_IDENTIFIER = SabrinaFletcher.Notifications.MyContentExtension;
				PRODUCT_NAME = "$(TARGET_NAME)";
				SKIP_INSTALL = YES;
				SWIFT_VERSION = 4.0;
				TARGETED_DEVICE_FAMILY = "1,2";
			};
			name = Debug;
		};
		D683654C1FB64E5300077A48 /* Release */ = {
			isa = XCBuildConfiguration;
			buildSettings = {
				CODE_SIGN_STYLE = Automatic;
				DEVELOPMENT_TEAM = FUWHW8446R;
				INFOPLIST_FILE = MyContentExtension/Info.plist;
				LD_RUNPATH_SEARCH_PATHS = "$(inherited) @executable_path/Frameworks @executable_path/../../Frameworks";
				PRODUCT_BUNDLE_IDENTIFIER = SabrinaFletcher.Notifications.MyContentExtension;
				PRODUCT_NAME = "$(TARGET_NAME)";
				SKIP_INSTALL = YES;
				SWIFT_VERSION = 4.0;
				TARGETED_DEVICE_FAMILY = "1,2";
			};
			name = Release;
		};
/* End XCBuildConfiguration section */

/* Begin XCConfigurationList section */
		D6242CF41FB3BFC900A8FD58 /* Build configuration list for PBXProject "Notifications" */ = {
			isa = XCConfigurationList;
			buildConfigurations = (
				D6242D091FB3BFC900A8FD58 /* Debug */,
				D6242D0A1FB3BFC900A8FD58 /* Release */,
			);
			defaultConfigurationIsVisible = 0;
			defaultConfigurationName = Release;
		};
		D6242D0B1FB3BFC900A8FD58 /* Build configuration list for PBXNativeTarget "Notifications" */ = {
			isa = XCConfigurationList;
			buildConfigurations = (
				D6242D0C1FB3BFC900A8FD58 /* Debug */,
				D6242D0D1FB3BFC900A8FD58 /* Release */,
			);
			defaultConfigurationIsVisible = 0;
			defaultConfigurationName = Release;
		};
		D683654A1FB64E5300077A48 /* Build configuration list for PBXNativeTarget "MyContentExtension" */ = {
			isa = XCConfigurationList;
			buildConfigurations = (
				D683654B1FB64E5300077A48 /* Debug */,
				D683654C1FB64E5300077A48 /* Release */,
			);
			defaultConfigurationIsVisible = 0;
			defaultConfigurationName = Release;
		};
/* End XCConfigurationList section */
	};
	rootObject = D6242CF11FB3BFC900A8FD58 /* Project object */;
}
